{
  "name": "app",
  "lockfileVersion": 3,
  "requires": true,
  "packages": {
    "": {
      "dependencies": {
        "@nipurn/xprompt-new": "^0.0.0-dev-202604161913"
      }
    },
    "node_modules/@nipurn/xprompt-new": {
      "version": "0.0.0-dev-202604161913",
      "resolved": "https://registry.npmjs.org/@nipurn/xprompt-new/-/xprompt-new-0.0.0-dev-202604161913.tgz",
      "integrity": "sha512-YGPzvkROzaK2vK/zwGQun94sPkvfLqa1rFqyMg23XTpKcOosvijUl6VW/+SBHomBZe+dMsgbz6Bqbm5z9kD2pQ==",
      "hasInstallScript": true,
      "bin": {
        "100xprompt": "bin/100xprompt"
      },
      "optionalDependencies": {
        "nipurn-xprompt-new-darwin-arm64": "0.0.0-dev-202604161913",
        "nipurn-xprompt-new-darwin-x64": "0.0.0-dev-202604161913",
        "nipurn-xprompt-new-darwin-x64-baseline": "0.0.0-dev-202604161913",
        "nipurn-xprompt-new-linux-arm64": "0.0.0-dev-202604161913",
        "nipurn-xprompt-new-linux-arm64-musl": "0.0.0-dev-202604161913",
        "nipurn-xprompt-new-linux-x64": "0.0.0-dev-202604161913",
        "nipurn-xprompt-new-linux-x64-baseline": "0.0.0-dev-202604161913",
        "nipurn-xprompt-new-linux-x64-baseline-musl": "0.0.0-dev-202604161913",
        "nipurn-xprompt-new-linux-x64-musl": "0.0.0-dev-202604161913",
        "nipurn-xprompt-new-windows-x64": "0.0.0-dev-202604161913",
        "nipurn-xprompt-new-windows-x64-baseline": "0.0.0-dev-202604161913"
      }
    },
    "node_modules/nipurn-xprompt-new-darwin-arm64": {
      "version": "0.0.0-dev-202604161913",
      "resolved": "https://registry.npmjs.org/nipurn-xprompt-new-darwin-arm64/-/nipurn-xprompt-new-darwin-arm64-0.0.0-dev-202604161913.tgz",
      "integrity": "sha512-Y719UoF7B9OPVlrC9xI7LXTga4dNDor4mwUrSgMwbqlJD4RQvzpBheD7y+V5uem6HH/MpnExj68Lv7vp89FMRQ==",
      "cpu": [
        "arm64"
      ],
      "optional": true,
      "os": [
        "darwin"
      ]
    },
    "node_modules/nipurn-xprompt-new-darwin-x64": {
      "version": "0.0.0-dev-202604161913",
      "resolved": "https://registry.npmjs.org/nipurn-xprompt-new-darwin-x64/-/nipurn-xprompt-new-darwin-x64-0.0.0-dev-202604161913.tgz",
      "integrity": "sha512-c/vREz8pC/48UnirGcQvBGOjTFwXvuFLySPQnAweIKYkz74t4fEbe9hjYQikgdXDuTpavbcFPzaFrYtsPCgJpA==",
      "cpu": [
        "x64"
      ],
      "optional": true,
      "os": [
        "darwin"
      ]
    },
    "node_modules/nipurn-xprompt-new-darwin-x64-baseline": {
      "version": "0.0.0-dev-202604161913",
      "resolved": "https://registry.npmjs.org/nipurn-xprompt-new-darwin-x64-baseline/-/nipurn-xprompt-new-darwin-x64-baseline-0.0.0-dev-202604161913.tgz",
      "integrity": "sha512-eEd7KE+DPzxlu3rgVugonzJCP0RvpL3tmy804gOXPqn9uMW9kDzBH9dFt/kd6i8auIvQhg6B+1XUnAoC0tF5Hw==",
      "cpu": [
        "x64"
      ],
      "optional": true,
      "os": [
        "darwin"
      ]
    },
    "node_modules/nipurn-xprompt-new-linux-arm64": {
      "version": "0.0.0-dev-202604161913",
      "resolved": "https://registry.npmjs.org/nipurn-xprompt-new-linux-arm64/-/nipurn-xprompt-new-linux-arm64-0.0.0-dev-202604161913.tgz",
      "integrity": "sha512-Zztvkj1Tl8kAf/PpfKx7Ix9opNhx9Wr3SZ/92h135RJMqcucbUbQTx8Dxz72reeFOMoADTvzF0+cIh4xZimZXA==",
      "cpu": [
        "arm64"
      ],
      "optional": true,
      "os": [
        "linux"
      ]
    },
    "node_modules/nipurn-xprompt-new-linux-arm64-musl": {
      "version": "0.0.0-dev-202604161913",
      "resolved": "https://registry.npmjs.org/nipurn-xprompt-new-linux-arm64-musl/-/nipurn-xprompt-new-linux-arm64-musl-0.0.0-dev-202604161913.tgz",
      "integrity": "sha512-2DUnbuL5pDUhyq7m3plP2J+LDIiTDRp9+AFVj8eLSXiQhaaV7f+7e1Umdd97qxt9g4Cbxzzo5r4CdkJnuBJnBg==",
      "cpu": [
        "arm64"
      ],
      "optional": true,
      "os": [
        "linux"
      ]
    },
    "node_modules/nipurn-xprompt-new-linux-x64": {
      "version": "0.0.0-dev-202604161913",
      "resolved": "https://registry.npmjs.org/nipurn-xprompt-new-linux-x64/-/nipurn-xprompt-new-linux-x64-0.0.0-dev-202604161913.tgz",
      "integrity": "sha512-vQFFVZ0LdPWv3WuTQXmvD6rLqd77g71PjTWp2UKg+1+r4u7tvP2BujRVQWO6n+s5zbvkhn5jV4tANDf9C2ogiw==",
      "cpu": [
        "x64"
      ],
      "optional": true,
      "os": [
        "linux"
      ]
    },
    "node_modules/nipurn-xprompt-new-linux-x64-baseline": {
      "version": "0.0.0-dev-202604161913",
      "resolved": "https://registry.npmjs.org/nipurn-xprompt-new-linux-x64-baseline/-/nipurn-xprompt-new-linux-x64-baseline-0.0.0-dev-202604161913.tgz",
      "integrity": "sha512-VTo38wfPccJn5rCJlD0jgqIPXTlq081PdJYUqOiVTu4J9b8rThAqBIGycAfIrmkc09Yu6Dz4TAGO9wHzXm16Zw==",
      "cpu": [
        "x64"
      ],
      "optional": true,
      "os": [
        "linux"
      ]
    },
    "node_modules/nipurn-xprompt-new-linux-x64-baseline-musl": {
      "version": "0.0.0-dev-202604161913",
      "resolved": "https://registry.npmjs.org/nipurn-xprompt-new-linux-x64-baseline-musl/-/nipurn-xprompt-new-linux-x64-baseline-musl-0.0.0-dev-202604161913.tgz",
      "integrity": "sha512-hfjSoTZv9oWsYsEEmereNRx9o2IcCx6XLfq4SKZPIoe3izhGTLKT/ZLvf0Cw83Cc9GmDUMT6iinawmim31KoWQ==",
      "cpu": [
        "x64"
      ],
      "optional": true,
      "os": [
        "linux"
      ]
    },
    "node_modules/nipurn-xprompt-new-linux-x64-musl": {
      "version": "0.0.0-dev-202604161913",
      "resolved": "https://registry.npmjs.org/nipurn-xprompt-new-linux-x64-musl/-/nipurn-xprompt-new-linux-x64-musl-0.0.0-dev-202604161913.tgz",
      "integrity": "sha512-GwyJQNW2uhEvITghgiN+rhexXxegmp/IBV3yWeqFti3nOXpp/yYpMJd2Qh9qNXjdcihOj4+MizajnYBL6UJ2TQ==",
      "cpu": [
        "x64"
      ],
      "optional": true,
      "os": [
        "linux"
      ]
    },
    "node_modules/nipurn-xprompt-new-windows-x64": {
      "version": "0.0.0-dev-202604161913",
      "resolved": "https://registry.npmjs.org/nipurn-xprompt-new-windows-x64/-/nipurn-xprompt-new-windows-x64-0.0.0-dev-202604161913.tgz",
      "integrity": "sha512-JmylFpvqjCP/A738duu24S+qbfMovKh9Dn0pG2m+zw0Vl8gMbGviin+YZl83dqzDjW4X/Lp65iOXZTeXxur04w==",
      "cpu": [
        "x64"
      ],
      "optional": true,
      "os": [
        "win32"
      ]
    },
    "node_modules/nipurn-xprompt-new-windows-x64-baseline": {
      "version": "0.0.0-dev-202604161913",
      "resolved": "https://registry.npmjs.org/nipurn-xprompt-new-windows-x64-baseline/-/nipurn-xprompt-new-windows-x64-baseline-0.0.0-dev-202604161913.tgz",
      "integrity": "sha512-UeGeSAoRIFSy5vZkpxkZvCADQI9YL/SuZkwdBbEZAzJtsJWTHPx8yFJH0B2QBxP+pVfPmwR1SjJaBi1605pgtg==",
      "cpu": [
        "x64"
      ],
      "optional": true,
      "os": [
        "win32"
      ]
    }
  }
}
