# THIS IS AN AUTOGENERATED FILE. DO NOT EDIT THIS FILE DIRECTLY.
# yarn lockfile v1


"@nipurn/xprompt-new@^0.0.0-dev-202604161913":
  version "0.0.0-dev-202604161913"
  resolved "https://registry.npmjs.org/@nipurn/xprompt-new/-/xprompt-new-0.0.0-dev-202604161913.tgz"
  integrity sha512-YGPzvkROzaK2vK/zwGQun94sPkvfLqa1rFqyMg23XTpKcOosvijUl6VW/+SBHomBZe+dMsgbz6Bqbm5z9kD2pQ==
  optionalDependencies:
    nipurn-xprompt-new-darwin-arm64 "0.0.0-dev-202604161913"
    nipurn-xprompt-new-darwin-x64 "0.0.0-dev-202604161913"
    nipurn-xprompt-new-darwin-x64-baseline "0.0.0-dev-202604161913"
    nipurn-xprompt-new-linux-arm64 "0.0.0-dev-202604161913"
    nipurn-xprompt-new-linux-arm64-musl "0.0.0-dev-202604161913"
    nipurn-xprompt-new-linux-x64 "0.0.0-dev-202604161913"
    nipurn-xprompt-new-linux-x64-baseline "0.0.0-dev-202604161913"
    nipurn-xprompt-new-linux-x64-baseline-musl "0.0.0-dev-202604161913"
    nipurn-xprompt-new-linux-x64-musl "0.0.0-dev-202604161913"
    nipurn-xprompt-new-windows-x64 "0.0.0-dev-202604161913"
    nipurn-xprompt-new-windows-x64-baseline "0.0.0-dev-202604161913"

nipurn-xprompt-new-linux-arm64-musl@0.0.0-dev-202604161913:
  version "0.0.0-dev-202604161913"
  resolved "https://registry.npmjs.org/nipurn-xprompt-new-linux-arm64-musl/-/nipurn-xprompt-new-linux-arm64-musl-0.0.0-dev-202604161913.tgz"
  integrity sha512-2DUnbuL5pDUhyq7m3plP2J+LDIiTDRp9+AFVj8eLSXiQhaaV7f+7e1Umdd97qxt9g4Cbxzzo5r4CdkJnuBJnBg==

nipurn-xprompt-new-linux-arm64@0.0.0-dev-202604161913:
  version "0.0.0-dev-202604161913"
  resolved "https://registry.npmjs.org/nipurn-xprompt-new-linux-arm64/-/nipurn-xprompt-new-linux-arm64-0.0.0-dev-202604161913.tgz"
  integrity sha512-Zztvkj1Tl8kAf/PpfKx7Ix9opNhx9Wr3SZ/92h135RJMqcucbUbQTx8Dxz72reeFOMoADTvzF0+cIh4xZimZXA==
